
Microsoft Visual Studio Solution File, Format Version 12.00
# Visual Studio Version 17
VisualStudioVersion = 17.11.35327.3
MinimumVisualStudioVersion = 10.0.40219.1
Project("{FAE04EC0-301F-11D3-BF4B-00C04F79EFBC}") = "SHOP_DIENTHOAI", "SHOP_DIENTHOAI\SHOP_DIENTHOAI.csproj", "{DB859B9D-912A-4D4A-8563-873C13815835}"
EndProject
Project("{2150E333-8FDC-42A3-9474-1A3956D46DE8}") = "Solution Items", "Solution Items", "{CBC47E63-DDDE-4536-8EEF-25962497D74E}"
	ProjectSection(SolutionItems) = preProject
		.editorconfig = .editorconfig
	EndProjectSection
EndProject
Global
	GlobalSection(SolutionConfigurationPlatforms) = preSolution
		Debug|Any CPU = Debug|Any CPU
		Release|Any CPU = Release|Any CPU
	EndGlobalSection
	GlobalSection(ProjectConfigurationPlatforms) = postSolution
		{DB859B9D-912A-4D4A-8563-873C13815835}.Debug|Any CPU.ActiveCfg = Debug|Any CPU
		{DB859B9D-912A-4D4A-8563-873C13815835}.Debug|Any CPU.Build.0 = Debug|Any CPU
		{DB859B9D-912A-4D4A-8563-873C13815835}.Release|Any CPU.ActiveCfg = Release|Any CPU
		{DB859B9D-912A-4D4A-8563-873C13815835}.Release|Any CPU.Build.0 = Release|Any CPU
	EndGlobalSection
	GlobalSection(SolutionProperties) = preSolution
		HideSolutionNode = FALSE
	EndGlobalSection
	GlobalSection(ExtensibilityGlobals) = postSolution
		SolutionGuid = {3F6F35B8-AFF3-415B-B3EB-A6E941E74AB3}
	EndGlobalSection
EndGlobal
